
Microsoft Visual Studio Solution File, Format Version 12.00
# Visual Studio Version 17
VisualStudioVersion = 17.11.35312.102
MinimumVisualStudioVersion = 10.0.40219.1
Project("{9A19103F-16F7-4668-BE54-9A1E7A4F7556}") = "Younic", "Younic\Younic.csproj", "{068D6BEC-7ACB-4E43-9DD9-0AFF5C5EF4AA}"
EndProject
Global
	GlobalSection(SolutionConfigurationPlatforms) = preSolution
		Debug|Any CPU = Debug|Any CPU
		Release|Any CPU = Release|Any CPU
	EndGlobalSection
	GlobalSection(ProjectConfigurationPlatforms) = postSolution
		{068D6BEC-7ACB-4E43-9DD9-0AFF5C5EF4AA}.Debug|Any CPU.ActiveCfg = Debug|Any CPU
		{068D6BEC-7ACB-4E43-9DD9-0AFF5C5EF4AA}.Debug|Any CPU.Build.0 = Debug|Any CPU
		{068D6BEC-7ACB-4E43-9DD9-0AFF5C5EF4AA}.Release|Any CPU.ActiveCfg = Release|Any CPU
		{068D6BEC-7ACB-4E43-9DD9-0AFF5C5EF4AA}.Release|Any CPU.Build.0 = Release|Any CPU
	EndGlobalSection
	GlobalSection(SolutionProperties) = preSolution
		HideSolutionNode = FALSE
	EndGlobalSection
	GlobalSection(ExtensibilityGlobals) = postSolution
		SolutionGuid = {A69ED844-24AA-422E-9810-42103F0979F8}
	EndGlobalSection
EndGlobal
